
Microsoft Visual Studio Solution File, Format Version 11.00
# Visual C# Express 2010
Project("{FAE04EC0-301F-11D3-BF4B-00C04F79EFBC}") = "BackupManager", "BackupManager.csproj", "{58A112C7-88DA-4867-AC1B-258C466B5C25}"
EndProject
Global
	GlobalSection(SolutionConfigurationPlatforms) = preSolution
		Debug|Any CPU = Debug|Any CPU
		Release|Any CPU = Release|Any CPU
	EndGlobalSection
	GlobalSection(ProjectConfigurationPlatforms) = postSolution
		{58A112C7-88DA-4867-AC1B-258C466B5C25}.Debug|Any CPU.ActiveCfg = Debug|Any CPU
		{58A112C7-88DA-4867-AC1B-258C466B5C25}.Debug|Any CPU.Build.0 = Debug|Any CPU
		{58A112C7-88DA-4867-AC1B-258C466B5C25}.Release|Any CPU.ActiveCfg = Debug|Any CPU
		{58A112C7-88DA-4867-AC1B-258C466B5C25}.Release|Any CPU.Build.0 = Debug|Any CPU
	EndGlobalSection
	GlobalSection(SolutionProperties) = preSolution
		HideSolutionNode = FALSE
	EndGlobalSection
EndGlobal
